
Microsoft Visual Studio Solution File, Format Version 12.00
# Visual Studio Version 17
VisualStudioVersion = 17.9.34616.47
MinimumVisualStudioVersion = 10.0.40219.1
Project("{FAE04EC0-301F-11D3-BF4B-00C04F79EFBC}") = "tpMod4_1302220150", "tpMod4_1302220150\tpMod4_1302220150.csproj", "{7E03EF16-7723-4A51-B5AC-951E108D8813}"
EndProject
Global
	GlobalSection(SolutionConfigurationPlatforms) = preSolution
		Debug|Any CPU = Debug|Any CPU
		Release|Any CPU = Release|Any CPU
	EndGlobalSection
	GlobalSection(ProjectConfigurationPlatforms) = postSolution
		{7E03EF16-7723-4A51-B5AC-951E108D8813}.Debug|Any CPU.ActiveCfg = Debug|Any CPU
		{7E03EF16-7723-4A51-B5AC-951E108D8813}.Debug|Any CPU.Build.0 = Debug|Any CPU
		{7E03EF16-7723-4A51-B5AC-951E108D8813}.Release|Any CPU.ActiveCfg = Release|Any CPU
		{7E03EF16-7723-4A51-B5AC-951E108D8813}.Release|Any CPU.Build.0 = Release|Any CPU
	EndGlobalSection
	GlobalSection(SolutionProperties) = preSolution
		HideSolutionNode = FALSE
	EndGlobalSection
	GlobalSection(ExtensibilityGlobals) = postSolution
		SolutionGuid = {141C4829-6E47-4AF0-9AE0-6F19DE3B9D44}
	EndGlobalSection
EndGlobal
